
Microsoft Visual Studio Solution File, Format Version 12.00
# Visual Studio 15
VisualStudioVersion = 15.0.26730.16
MinimumVisualStudioVersion = 10.0.40219.1
Project("{8BC9CEB8-8B4A-11D0-8D11-00A0C91BC942}") = "318", "318\318.vcxproj", "{0259FE26-1592-4D62-BF8A-5F5DBD71F8DB}"
EndProject
Global
	GlobalSection(SolutionConfigurationPlatforms) = preSolution
		Debug|x64 = Debug|x64
		Debug|x86 = Debug|x86
		Release|x64 = Release|x64
		Release|x86 = Release|x86
	EndGlobalSection
	GlobalSection(ProjectConfigurationPlatforms) = postSolution
		{0259FE26-1592-4D62-BF8A-5F5DBD71F8DB}.Debug|x64.ActiveCfg = Debug|x64
		{0259FE26-1592-4D62-BF8A-5F5DBD71F8DB}.Debug|x64.Build.0 = Debug|x64
		{0259FE26-1592-4D62-BF8A-5F5DBD71F8DB}.Debug|x86.ActiveCfg = Debug|Win32
		{0259FE26-1592-4D62-BF8A-5F5DBD71F8DB}.Debug|x86.Build.0 = Debug|Win32
		{0259FE26-1592-4D62-BF8A-5F5DBD71F8DB}.Release|x64.ActiveCfg = Release|x64
		{0259FE26-1592-4D62-BF8A-5F5DBD71F8DB}.Release|x64.Build.0 = Release|x64
		{0259FE26-1592-4D62-BF8A-5F5DBD71F8DB}.Release|x86.ActiveCfg = Release|Win32
		{0259FE26-1592-4D62-BF8A-5F5DBD71F8DB}.Release|x86.Build.0 = Release|Win32
	EndGlobalSection
	GlobalSection(SolutionProperties) = preSolution
		HideSolutionNode = FALSE
	EndGlobalSection
	GlobalSection(ExtensibilityGlobals) = postSolution
		SolutionGuid = {E1960A3E-B03F-4DE5-8094-5D61F3F6F661}
	EndGlobalSection
EndGlobal
